// !$*UTF8*$!
{
	archiveVersion = 1;
	classes = {
	};
	objectVersion = 56;
	objects = {

/* Begin PBXBuildFile section */
		B6C348122C207C0B00561669 /* Crypto_CoinApp.swift in Sources */ = {isa = PBXBuildFile; fileRef = B6C348112C207C0B00561669 /* Crypto_CoinApp.swift */; };
		B6C348142C207C0B00561669 /* ContentView.swift in Sources */ = {isa = PBXBuildFile; fileRef = B6C348132C207C0B00561669 /* ContentView.swift */; };
		B6C348162C207C1A00561669 /* Assets.xcassets in Resources */ = {isa = PBXBuildFile; fileRef = B6C348152C207C1A00561669 /* Assets.xcassets */; };
		B6C348192C207C1A00561669 /* Preview Assets.xcassets in Resources */ = {isa = PBXBuildFile; fileRef = B6C348182C207C1A00561669 /* Preview Assets.xcassets */; };
		B6C348232C2083EF00561669 /* Coin.swift in Sources */ = {isa = PBXBuildFile; fileRef = B6C348222C2083EF00561669 /* Coin.swift */; };
		B6C348262C20846300561669 /* ViewModel.swift in Sources */ = {isa = PBXBuildFile; fileRef = B6C348252C20846300561669 /* ViewModel.swift */; };
		B6C348292C20863F00561669 /* DataService.swift in Sources */ = {isa = PBXBuildFile; fileRef = B6C348282C20863F00561669 /* DataService.swift */; };
/* End PBXBuildFile section */

/* Begin PBXFileReference section */
		B6C3480E2C207C0B00561669 /* Crypto Coin.app */ = {isa = PBXFileReference; explicitFileType = wrapper.application; includeInIndex = 0; path = "Crypto Coin.app"; sourceTree = BUILT_PRODUCTS_DIR; };
		B6C348112C207C0B00561669 /* Crypto_CoinApp.swift */ = {isa = PBXFileReference; lastKnownFileType = sourcecode.swift; path = Crypto_CoinApp.swift; sourceTree = "<group>"; };
		B6C348132C207C0B00561669 /* ContentView.swift */ = {isa = PBXFileReference; lastKnownFileType = sourcecode.swift; path = ContentView.swift; sourceTree = "<group>"; };
		B6C348152C207C1A00561669 /* Assets.xcassets */ = {isa = PBXFileReference; lastKnownFileType = folder.assetcatalog; path = Assets.xcassets; sourceTree = "<group>"; };
		B6C348182C207C1A00561669 /* Preview Assets.xcassets */ = {isa = PBXFileReference; lastKnownFileType = folder.assetcatalog; path = "Preview Assets.xcassets"; sourceTree = "<group>"; };
		B6C3481F2C207D1500561669 /* Config.xcconfig */ = {isa = PBXFileReference; lastKnownFileType = text.xcconfig; path = Config.xcconfig; sourceTree = "<group>"; };
		B6C348202C207E6400561669 /* Crypto-Coin-Info.plist */ = {isa = PBXFileReference; lastKnownFileType = text.plist; path = "Crypto-Coin-Info.plist"; sourceTree = SOURCE_ROOT; };
		B6C348222C2083EF00561669 /* Coin.swift */ = {isa = PBXFileReference; lastKnownFileType = sourcecode.swift; path = Coin.swift; sourceTree = "<group>"; };
		B6C348252C20846300561669 /* ViewModel.swift */ = {isa = PBXFileReference; lastKnownFileType = sourcecode.swift; path = ViewModel.swift; sourceTree = "<group>"; };
		B6C348282C20863F00561669 /* DataService.swift */ = {isa = PBXFileReference; lastKnownFileType = sourcecode.swift; path = DataService.swift; sourceTree = "<group>"; };
/* End PBXFileReference section */

/* Begin PBXFrameworksBuildPhase section */
		B6C3480B2C207C0B00561669 /* Frameworks */ = {
			isa = PBXFrameworksBuildPhase;
			buildActionMask = 2147483647;
			files = (
			);
			runOnlyForDeploymentPostprocessing = 0;
		};
/* End PBXFrameworksBuildPhase section */

/* Begin PBXGroup section */
		B6C348052C207C0B00561669 = {
			isa = PBXGroup;
			children = (
				B6C348102C207C0B00561669 /* Crypto Coin */,
				B6C3480F2C207C0B00561669 /* Products */,
			);
			sourceTree = "<group>";
		};
		B6C3480F2C207C0B00561669 /* Products */ = {
			isa = PBXGroup;
			children = (
				B6C3480E2C207C0B00561669 /* Crypto Coin.app */,
			);
			name = Products;
			sourceTree = "<group>";
		};
		B6C348102C207C0B00561669 /* Crypto Coin */ = {
			isa = PBXGroup;
			children = (
				B6C348202C207E6400561669 /* Crypto-Coin-Info.plist */,
				B6C348112C207C0B00561669 /* Crypto_CoinApp.swift */,
				B6C348132C207C0B00561669 /* ContentView.swift */,
				B6C3481F2C207D1500561669 /* Config.xcconfig */,
				B6C348212C2083D500561669 /* Model */,
				B6C348242C20843F00561669 /* ViewModel */,
				B6C348272C20860F00561669 /* Service */,
				B6C348152C207C1A00561669 /* Assets.xcassets */,
				B6C348172C207C1A00561669 /* Preview Content */,
			);
			path = "Crypto Coin";
			sourceTree = "<group>";
		};
		B6C348172C207C1A00561669 /* Preview Content */ = {
			isa = PBXGroup;
			children = (
				B6C348182C207C1A00561669 /* Preview Assets.xcassets */,
			);
			path = "Preview Content";
			sourceTree = "<group>";
		};
		B6C348212C2083D500561669 /* Model */ = {
			isa = PBXGroup;
			children = (
				B6C348222C2083EF00561669 /* Coin.swift */,
			);
			path = Model;
			sourceTree = "<group>";
		};
		B6C348242C20843F00561669 /* ViewModel */ = {
			isa = PBXGroup;
			children = (
				B6C348252C20846300561669 /* ViewModel.swift */,
			);
			path = ViewModel;
			sourceTree = "<group>";
		};
		B6C348272C20860F00561669 /* Service */ = {
			isa = PBXGroup;
			children = (
				B6C348282C20863F00561669 /* DataService.swift */,
			);
			path = Service;
			sourceTree = "<group>";
		};
/* End PBXGroup section */

/* Begin PBXNativeTarget section */
		B6C3480D2C207C0B00561669 /* Crypto Coin */ = {
			isa = PBXNativeTarget;
			buildConfigurationList = B6C3481C2C207C1A00561669 /* Build configuration list for PBXNativeTarget "Crypto Coin" */;
			buildPhases = (
				B6C3480A2C207C0B00561669 /* Sources */,
				B6C3480B2C207C0B00561669 /* Frameworks */,
				B6C3480C2C207C0B00561669 /* Resources */,
			);
			buildRules = (
			);
			dependencies = (
			);
			name = "Crypto Coin";
			productName = "Crypto Coin";
			productReference = B6C3480E2C207C0B00561669 /* Crypto Coin.app */;
			productType = "com.apple.product-type.application";
		};
/* End PBXNativeTarget section */

/* Begin PBXProject section */
		B6C348062C207C0B00561669 /* Project object */ = {
			isa = PBXProject;
			attributes = {
				BuildIndependentTargetsInParallel = 1;
				LastSwiftUpdateCheck = 1540;
				LastUpgradeCheck = 1540;
				TargetAttributes = {
					B6C3480D2C207C0B00561669 = {
						CreatedOnToolsVersion = 15.4;
					};
				};
			};
			buildConfigurationList = B6C348092C207C0B00561669 /* Build configuration list for PBXProject "Crypto Coin" */;
			compatibilityVersion = "Xcode 14.0";
			developmentRegion = en;
			hasScannedForEncodings = 0;
			knownRegions = (
				en,
				Base,
			);
			mainGroup = B6C348052C207C0B00561669;
			productRefGroup = B6C3480F2C207C0B00561669 /* Products */;
			projectDirPath = "";
			projectRoot = "";
			targets = (
				B6C3480D2C207C0B00561669 /* Crypto Coin */,
			);
		};
/* End PBXProject section */

/* Begin PBXResourcesBuildPhase section */
		B6C3480C2C207C0B00561669 /* Resources */ = {
			isa = PBXResourcesBuildPhase;
			buildActionMask = 2147483647;
			files = (
				B6C348192C207C1A00561669 /* Preview Assets.xcassets in Resources */,
				B6C348162C207C1A00561669 /* Assets.xcassets in Resources */,
			);
			runOnlyForDeploymentPostprocessing = 0;
		};
/* End PBXResourcesBuildPhase section */

/* Begin PBXSourcesBuildPhase section */
		B6C3480A2C207C0B00561669 /* Sources */ = {
			isa = PBXSourcesBuildPhase;
			buildActionMask = 2147483647;
			files = (
				B6C348232C2083EF00561669 /* Coin.swift in Sources */,
				B6C348142C207C0B00561669 /* ContentView.swift in Sources */,
				B6C348262C20846300561669 /* ViewModel.swift in Sources */,
				B6C348122C207C0B00561669 /* Crypto_CoinApp.swift in Sources */,
				B6C348292C20863F00561669 /* DataService.swift in Sources */,
			);
			runOnlyForDeploymentPostprocessing = 0;
		};
/* End PBXSourcesBuildPhase section */

/* Begin XCBuildConfiguration section */
		B6C3481A2C207C1A00561669 /* Debug */ = {
			isa = XCBuildConfiguration;
			baseConfigurationReference = B6C3481F2C207D1500561669 /* Config.xcconfig */;
			buildSettings = {
				ALWAYS_SEARCH_USER_PATHS = NO;
				ASSETCATALOG_COMPILER_GENERATE_SWIFT_ASSET_SYMBOL_EXTENSIONS = YES;
				CLANG_ANALYZER_NONNULL = YES;
				CLANG_ANALYZER_NUMBER_OBJECT_CONVERSION = YES_AGGRESSIVE;
				CLANG_CXX_LANGUAGE_STANDARD = "gnu++20";
				CLANG_ENABLE_MODULES = YES;
				CLANG_ENABLE_OBJC_ARC = YES;
				CLANG_ENABLE_OBJC_WEAK = YES;
				CLANG_WARN_BLOCK_CAPTURE_AUTORELEASING = YES;
				CLANG_WARN_BOOL_CONVERSION = YES;
				CLANG_WARN_COMMA = YES;
				CLANG_WARN_CONSTANT_CONVERSION = YES;
				CLANG_WARN_DEPRECATED_OBJC_IMPLEMENTATIONS = YES;
				CLANG_WARN_DIRECT_OBJC_ISA_USAGE = YES_ERROR;
				CLANG_WARN_DOCUMENTATION_COMMENTS = YES;
				CLANG_WARN_EMPTY_BODY = YES;
				CLANG_WARN_ENUM_CONVERSION = YES;
				CLANG_WARN_INFINITE_RECURSION = YES;
				CLANG_WARN_INT_CONVERSION = YES;
				CLANG_WARN_NON_LITERAL_NULL_CONVERSION = YES;
				CLANG_WARN_OBJC_IMPLICIT_RETAIN_SELF = YES;
				CLANG_WARN_OBJC_LITERAL_CONVERSION = YES;
				CLANG_WARN_OBJC_ROOT_CLASS = YES_ERROR;
				CLANG_WARN_QUOTED_INCLUDE_IN_FRAMEWORK_HEADER = YES;
				CLANG_WARN_RANGE_LOOP_ANALYSIS = YES;
				CLANG_WARN_STRICT_PROTOTYPES = YES;
				CLANG_WARN_SUSPICIOUS_MOVE = YES;
				CLANG_WARN_UNGUARDED_AVAILABILITY = YES_AGGRESSIVE;
				CLANG_WARN_UNREACHABLE_CODE = YES;
				CLANG_WARN__DUPLICATE_METHOD_MATCH = YES;
				COPY_PHASE_STRIP = NO;
				DEBUG_INFORMATION_FORMAT = dwarf;
				ENABLE_STRICT_OBJC_MSGSEND = YES;
				ENABLE_TESTABILITY = YES;
				ENABLE_USER_SCRIPT_SANDBOXING = YES;
				GCC_C_LANGUAGE_STANDARD = gnu17;
				GCC_DYNAMIC_NO_PIC = NO;
				GCC_NO_COMMON_BLOCKS = YES;
				GCC_OPTIMIZATION_LEVEL = 0;
				GCC_PREPROCESSOR_DEFINITIONS = (
					"DEBUG=1",
					"$(inherited)",
				);
				GCC_WARN_64_TO_32_BIT_CONVERSION = YES;
				GCC_WARN_ABOUT_RETURN_TYPE = YES_ERROR;
				GCC_WARN_UNDECLARED_SELECTOR = YES;
				GCC_WARN_UNINITIALIZED_AUTOS = YES_AGGRESSIVE;
				GCC_WARN_UNUSED_FUNCTION = YES;
				GCC_WARN_UNUSED_VARIABLE = YES;
				IPHONEOS_DEPLOYMENT_TARGET = 17.5;
				LOCALIZATION_PREFERS_STRING_CATALOGS = YES;
				MTL_ENABLE_DEBUG_INFO = INCLUDE_SOURCE;
				MTL_FAST_MATH = YES;
				ONLY_ACTIVE_ARCH = YES;
				SDKROOT = iphoneos;
				SWIFT_ACTIVE_COMPILATION_CONDITIONS = "DEBUG $(inherited)";
				SWIFT_OPTIMIZATION_LEVEL = "-Onone";
			};
			name = Debug;
		};
		B6C3481B2C207C1A00561669 /* Release */ = {
			isa = XCBuildConfiguration;
			baseConfigurationReference = B6C3481F2C207D1500561669 /* Config.xcconfig */;
			buildSettings = {
				ALWAYS_SEARCH_USER_PATHS = NO;
				ASSETCATALOG_COMPILER_GENERATE_SWIFT_ASSET_SYMBOL_EXTENSIONS = YES;
				CLANG_ANALYZER_NONNULL = YES;
				CLANG_ANALYZER_NUMBER_OBJECT_CONVERSION = YES_AGGRESSIVE;
				CLANG_CXX_LANGUAGE_STANDARD = "gnu++20";
				CLANG_ENABLE_MODULES = YES;
				CLANG_ENABLE_OBJC_ARC = YES;
				CLANG_ENABLE_OBJC_WEAK = YES;
				CLANG_WARN_BLOCK_CAPTURE_AUTORELEASING = YES;
				CLANG_WARN_BOOL_CONVERSION = YES;
				CLANG_WARN_COMMA = YES;
				CLANG_WARN_CONSTANT_CONVERSION = YES;
				CLANG_WARN_DEPRECATED_OBJC_IMPLEMENTATIONS = YES;
				CLANG_WARN_DIRECT_OBJC_ISA_USAGE = YES_ERROR;
				CLANG_WARN_DOCUMENTATION_COMMENTS = YES;
				CLANG_WARN_EMPTY_BODY = YES;
				CLANG_WARN_ENUM_CONVERSION = YES;
				CLANG_WARN_INFINITE_RECURSION = YES;
				CLANG_WARN_INT_CONVERSION = YES;
				CLANG_WARN_NON_LITERAL_NULL_CONVERSION = YES;
				CLANG_WARN_OBJC_IMPLICIT_RETAIN_SELF = YES;
				CLANG_WARN_OBJC_LITERAL_CONVERSION = YES;
				CLANG_WARN_OBJC_ROOT_CLASS = YES_ERROR;
				CLANG_WARN_QUOTED_INCLUDE_IN_FRAMEWORK_HEADER = YES;
				CLANG_WARN_RANGE_LOOP_ANALYSIS = YES;
				CLANG_WARN_STRICT_PROTOTYPES = YES;
				CLANG_WARN_SUSPICIOUS_MOVE = YES;
				CLANG_WARN_UNGUARDED_AVAILABILITY = YES_AGGRESSIVE;
				CLANG_WARN_UNREACHABLE_CODE = YES;
				CLANG_WARN__DUPLICATE_METHOD_MATCH = YES;
				COPY_PHASE_STRIP = NO;
				DEBUG_INFORMATION_FORMAT = "dwarf-with-dsym";
				ENABLE_NS_ASSERTIONS = NO;
				ENABLE_STRICT_OBJC_MSGSEND = YES;
				ENABLE_USER_SCRIPT_SANDBOXING = YES;
				GCC_C_LANGUAGE_STANDARD = gnu17;
				GCC_NO_COMMON_BLOCKS = YES;
				GCC_WARN_64_TO_32_BIT_CONVERSION = YES;
				GCC_WARN_ABOUT_RETURN_TYPE = YES_ERROR;
				GCC_WARN_UNDECLARED_SELECTOR = YES;
				GCC_WARN_UNINITIALIZED_AUTOS = YES_AGGRESSIVE;
				GCC_WARN_UNUSED_FUNCTION = YES;
				GCC_WARN_UNUSED_VARIABLE = YES;
				IPHONEOS_DEPLOYMENT_TARGET = 17.5;
				LOCALIZATION_PREFERS_STRING_CATALOGS = YES;
				MTL_ENABLE_DEBUG_INFO = NO;
				MTL_FAST_MATH = YES;
				SDKROOT = iphoneos;
				SWIFT_COMPILATION_MODE = wholemodule;
				VALIDATE_PRODUCT = YES;
			};
			name = Release;
		};
		B6C3481D2C207C1A00561669 /* Debug */ = {
			isa = XCBuildConfiguration;
			buildSettings = {
				ASSETCATALOG_COMPILER_APPICON_NAME = AppIcon;
				ASSETCATALOG_COMPILER_GLOBAL_ACCENT_COLOR_NAME = AccentColor;
				CODE_SIGN_STYLE = Automatic;
				CURRENT_PROJECT_VERSION = 1;
				DEVELOPMENT_ASSET_PATHS = "\"Crypto Coin/Preview Content\"";
				DEVELOPMENT_TEAM = M85NJXLM4F;
				ENABLE_PREVIEWS = YES;
				GENERATE_INFOPLIST_FILE = YES;
				INFOPLIST_FILE = "Crypto-Coin-Info.plist";
				INFOPLIST_KEY_UIApplicationSceneManifest_Generation = YES;
				INFOPLIST_KEY_UIApplicationSupportsIndirectInputEvents = YES;
				INFOPLIST_KEY_UILaunchScreen_Generation = YES;
				INFOPLIST_KEY_UISupportedInterfaceOrientations_iPad = "UIInterfaceOrientationPortrait UIInterfaceOrientationPortraitUpsideDown UIInterfaceOrientationLandscapeLeft UIInterfaceOrientationLandscapeRight";
				INFOPLIST_KEY_UISupportedInterfaceOrientations_iPhone = "UIInterfaceOrientationPortrait UIInterfaceOrientationLandscapeLeft UIInterfaceOrientationLandscapeRight";
				LD_RUNPATH_SEARCH_PATHS = (
					"$(inherited)",
					"@executable_path/Frameworks",
				);
				MARKETING_VERSION = 1.0;
				PRODUCT_BUNDLE_IDENTIFIER = "com.kelvsricafort101.wordpress.Crypto-Coin";
				PRODUCT_NAME = "$(TARGET_NAME)";
				SWIFT_EMIT_LOC_STRINGS = YES;
				SWIFT_VERSION = 5.0;
				TARGETED_DEVICE_FAMILY = "1,2";
			};
			name = Debug;
		};
		B6C3481E2C207C1A00561669 /* Release */ = {
			isa = XCBuildConfiguration;
			buildSettings = {
				ASSETCATALOG_COMPILER_APPICON_NAME = AppIcon;
				ASSETCATALOG_COMPILER_GLOBAL_ACCENT_COLOR_NAME = AccentColor;
				CODE_SIGN_STYLE = Automatic;
				CURRENT_PROJECT_VERSION = 1;
				DEVELOPMENT_ASSET_PATHS = "\"Crypto Coin/Preview Content\"";
				DEVELOPMENT_TEAM = M85NJXLM4F;
				ENABLE_PREVIEWS = YES;
				GENERATE_INFOPLIST_FILE = YES;
				INFOPLIST_FILE = "Crypto-Coin-Info.plist";
				INFOPLIST_KEY_UIApplicationSceneManifest_Generation = YES;
				INFOPLIST_KEY_UIApplicationSupportsIndirectInputEvents = YES;
				INFOPLIST_KEY_UILaunchScreen_Generation = YES;
				INFOPLIST_KEY_UISupportedInterfaceOrientations_iPad = "UIInterfaceOrientationPortrait UIInterfaceOrientationPortraitUpsideDown UIInterfaceOrientationLandscapeLeft UIInterfaceOrientationLandscapeRight";
				INFOPLIST_KEY_UISupportedInterfaceOrientations_iPhone = "UIInterfaceOrientationPortrait UIInterfaceOrientationLandscapeLeft UIInterfaceOrientationLandscapeRight";
				LD_RUNPATH_SEARCH_PATHS = (
					"$(inherited)",
					"@executable_path/Frameworks",
				);
				MARKETING_VERSION = 1.0;
				PRODUCT_BUNDLE_IDENTIFIER = "com.kelvsricafort101.wordpress.Crypto-Coin";
				PRODUCT_NAME = "$(TARGET_NAME)";
				SWIFT_EMIT_LOC_STRINGS = YES;
				SWIFT_VERSION = 5.0;
				TARGETED_DEVICE_FAMILY = "1,2";
			};
			name = Release;
		};
/* End XCBuildConfiguration section */

/* Begin XCConfigurationList section */
		B6C348092C207C0B00561669 /* Build configuration list for PBXProject "Crypto Coin" */ = {
			isa = XCConfigurationList;
			buildConfigurations = (
				B6C3481A2C207C1A00561669 /* Debug */,
				B6C3481B2C207C1A00561669 /* Release */,
			);
			defaultConfigurationIsVisible = 0;
			defaultConfigurationName = Release;
		};
		B6C3481C2C207C1A00561669 /* Build configuration list for PBXNativeTarget "Crypto Coin" */ = {
			isa = XCConfigurationList;
			buildConfigurations = (
				B6C3481D2C207C1A00561669 /* Debug */,
				B6C3481E2C207C1A00561669 /* Release */,
			);
			defaultConfigurationIsVisible = 0;
			defaultConfigurationName = Release;
		};
/* End XCConfigurationList section */
	};
	rootObject = B6C348062C207C0B00561669 /* Project object */;
}
